// !$*UTF8*$!
{
	archiveVersion = 1;
	classes = {
	};
	objectVersion = 56;
	objects = {

/* Begin PBXBuildFile section */
		A0C47CE529571D2E00A42E0C /* AppDelegate.swift in Sources */ = {isa = PBXBuildFile; fileRef = A0C47CE429571D2E00A42E0C /* AppDelegate.swift */; };
		A0C47CE729571D2E00A42E0C /* SceneDelegate.swift in Sources */ = {isa = PBXBuildFile; fileRef = A0C47CE629571D2E00A42E0C /* SceneDelegate.swift */; };
		A0C47CE929571D2E00A42E0C /* ViewController.swift in Sources */ = {isa = PBXBuildFile; fileRef = A0C47CE829571D2E00A42E0C /* ViewController.swift */; };
		A0C47CEC29571D2E00A42E0C /* Main.storyboard in Resources */ = {isa = PBXBuildFile; fileRef = A0C47CEA29571D2E00A42E0C /* Main.storyboard */; };
		A0C47CEE29571D2F00A42E0C /* Assets.xcassets in Resources */ = {isa = PBXBuildFile; fileRef = A0C47CED29571D2F00A42E0C /* Assets.xcassets */; };
		A0C47CF129571D2F00A42E0C /* LaunchScreen.storyboard in Resources */ = {isa = PBXBuildFile; fileRef = A0C47CEF29571D2F00A42E0C /* LaunchScreen.storyboard */; };
		A0C47D00295727E500A42E0C /* Property List.plist in Resources */ = {isa = PBXBuildFile; fileRef = A0C47CFF295727E500A42E0C /* Property List.plist */; };
		A0C47D022957290500A42E0C /* QuestionView.swift in Sources */ = {isa = PBXBuildFile; fileRef = A0C47D012957290500A42E0C /* QuestionView.swift */; };
		A0C47D0429572E8200A42E0C /* FinalView.swift in Sources */ = {isa = PBXBuildFile; fileRef = A0C47D0329572E8200A42E0C /* FinalView.swift */; };
/* End PBXBuildFile section */

/* Begin PBXFileReference section */
		A0C47CE129571D2E00A42E0C /* Dogo Quiz.app */ = {isa = PBXFileReference; explicitFileType = wrapper.application; includeInIndex = 0; path = "Dogo Quiz.app"; sourceTree = BUILT_PRODUCTS_DIR; };
		A0C47CE429571D2E00A42E0C /* AppDelegate.swift */ = {isa = PBXFileReference; lastKnownFileType = sourcecode.swift; path = AppDelegate.swift; sourceTree = "<group>"; };
		A0C47CE629571D2E00A42E0C /* SceneDelegate.swift */ = {isa = PBXFileReference; lastKnownFileType = sourcecode.swift; path = SceneDelegate.swift; sourceTree = "<group>"; };
		A0C47CE829571D2E00A42E0C /* ViewController.swift */ = {isa = PBXFileReference; lastKnownFileType = sourcecode.swift; path = ViewController.swift; sourceTree = "<group>"; };
		A0C47CEB29571D2E00A42E0C /* Base */ = {isa = PBXFileReference; lastKnownFileType = file.storyboard; name = Base; path = Base.lproj/Main.storyboard; sourceTree = "<group>"; };
		A0C47CED29571D2F00A42E0C /* Assets.xcassets */ = {isa = PBXFileReference; lastKnownFileType = folder.assetcatalog; path = Assets.xcassets; sourceTree = "<group>"; };
		A0C47CF029571D2F00A42E0C /* Base */ = {isa = PBXFileReference; lastKnownFileType = file.storyboard; name = Base; path = Base.lproj/LaunchScreen.storyboard; sourceTree = "<group>"; };
		A0C47CFF295727E500A42E0C /* Property List.plist */ = {isa = PBXFileReference; lastKnownFileType = text.plist.xml; path = "Property List.plist"; sourceTree = "<group>"; };
		A0C47D012957290500A42E0C /* QuestionView.swift */ = {isa = PBXFileReference; lastKnownFileType = sourcecode.swift; path = QuestionView.swift; sourceTree = "<group>"; };
		A0C47D0329572E8200A42E0C /* FinalView.swift */ = {isa = PBXFileReference; lastKnownFileType = sourcecode.swift; path = FinalView.swift; sourceTree = "<group>"; };
/* End PBXFileReference section */

/* Begin PBXFrameworksBuildPhase section */
		A0C47CDE29571D2E00A42E0C /* Frameworks */ = {
			isa = PBXFrameworksBuildPhase;
			buildActionMask = 2147483647;
			files = (
			);
			runOnlyForDeploymentPostprocessing = 0;
		};
/* End PBXFrameworksBuildPhase section */

/* Begin PBXGroup section */
		A0C47CD829571D2E00A42E0C = {
			isa = PBXGroup;
			children = (
				A0C47CE329571D2E00A42E0C /* Dogo Quiz */,
				A0C47CE229571D2E00A42E0C /* Products */,
			);
			sourceTree = "<group>";
		};
		A0C47CE229571D2E00A42E0C /* Products */ = {
			isa = PBXGroup;
			children = (
				A0C47CE129571D2E00A42E0C /* Dogo Quiz.app */,
			);
			name = Products;
			sourceTree = "<group>";
		};
		A0C47CE329571D2E00A42E0C /* Dogo Quiz */ = {
			isa = PBXGroup;
			children = (
				A0C47CFC2957244600A42E0C /* Support Files */,
				A0C47CFB2957243800A42E0C /* View Controllers */,
				A0C47CFA2957242100A42E0C /* Resourses */,
				A0C47CF92957241C00A42E0C /* Models */,
				A0C47CF82957240100A42E0C /* Storyboards */,
			);
			path = "Dogo Quiz";
			sourceTree = "<group>";
		};
		A0C47CF82957240100A42E0C /* Storyboards */ = {
			isa = PBXGroup;
			children = (
				A0C47CEA29571D2E00A42E0C /* Main.storyboard */,
				A0C47CEF29571D2F00A42E0C /* LaunchScreen.storyboard */,
			);
			path = Storyboards;
			sourceTree = "<group>";
		};
		A0C47CF92957241C00A42E0C /* Models */ = {
			isa = PBXGroup;
			children = (
			);
			path = Models;
			sourceTree = "<group>";
		};
		A0C47CFA2957242100A42E0C /* Resourses */ = {
			isa = PBXGroup;
			children = (
				A0C47CED29571D2F00A42E0C /* Assets.xcassets */,
			);
			path = Resourses;
			sourceTree = "<group>";
		};
		A0C47CFB2957243800A42E0C /* View Controllers */ = {
			isa = PBXGroup;
			children = (
				A0C47CE829571D2E00A42E0C /* ViewController.swift */,
				A0C47D012957290500A42E0C /* QuestionView.swift */,
				A0C47D0329572E8200A42E0C /* FinalView.swift */,
			);
			path = "View Controllers";
			sourceTree = "<group>";
		};
		A0C47CFC2957244600A42E0C /* Support Files */ = {
			isa = PBXGroup;
			children = (
				A0C47CE429571D2E00A42E0C /* AppDelegate.swift */,
				A0C47CE629571D2E00A42E0C /* SceneDelegate.swift */,
				A0C47CFF295727E500A42E0C /* Property List.plist */,
			);
			path = "Support Files";
			sourceTree = "<group>";
		};
/* End PBXGroup section */

/* Begin PBXNativeTarget section */
		A0C47CE029571D2E00A42E0C /* Dogo Quiz */ = {
			isa = PBXNativeTarget;
			buildConfigurationList = A0C47CF529571D2F00A42E0C /* Build configuration list for PBXNativeTarget "Dogo Quiz" */;
			buildPhases = (
				A0C47CDD29571D2E00A42E0C /* Sources */,
				A0C47CDE29571D2E00A42E0C /* Frameworks */,
				A0C47CDF29571D2E00A42E0C /* Resources */,
			);
			buildRules = (
			);
			dependencies = (
			);
			name = "Dogo Quiz";
			productName = "Dogo Quiz";
			productReference = A0C47CE129571D2E00A42E0C /* Dogo Quiz.app */;
			productType = "com.apple.product-type.application";
		};
/* End PBXNativeTarget section */

/* Begin PBXProject section */
		A0C47CD929571D2E00A42E0C /* Project object */ = {
			isa = PBXProject;
			attributes = {
				BuildIndependentTargetsInParallel = 1;
				LastSwiftUpdateCheck = 1410;
				LastUpgradeCheck = 1410;
				TargetAttributes = {
					A0C47CE029571D2E00A42E0C = {
						CreatedOnToolsVersion = 14.1;
					};
				};
			};
			buildConfigurationList = A0C47CDC29571D2E00A42E0C /* Build configuration list for PBXProject "Dogo Quiz" */;
			compatibilityVersion = "Xcode 14.0";
			developmentRegion = en;
			hasScannedForEncodings = 0;
			knownRegions = (
				en,
				Base,
			);
			mainGroup = A0C47CD829571D2E00A42E0C;
			productRefGroup = A0C47CE229571D2E00A42E0C /* Products */;
			projectDirPath = "";
			projectRoot = "";
			targets = (
				A0C47CE029571D2E00A42E0C /* Dogo Quiz */,
			);
		};
/* End PBXProject section */

/* Begin PBXResourcesBuildPhase section */
		A0C47CDF29571D2E00A42E0C /* Resources */ = {
			isa = PBXResourcesBuildPhase;
			buildActionMask = 2147483647;
			files = (
				A0C47CF129571D2F00A42E0C /* LaunchScreen.storyboard in Resources */,
				A0C47CEE29571D2F00A42E0C /* Assets.xcassets in Resources */,
				A0C47D00295727E500A42E0C /* Property List.plist in Resources */,
				A0C47CEC29571D2E00A42E0C /* Main.storyboard in Resources */,
			);
			runOnlyForDeploymentPostprocessing = 0;
		};
/* End PBXResourcesBuildPhase section */

/* Begin PBXSourcesBuildPhase section */
		A0C47CDD29571D2E00A42E0C /* Sources */ = {
			isa = PBXSourcesBuildPhase;
			buildActionMask = 2147483647;
			files = (
				A0C47D022957290500A42E0C /* QuestionView.swift in Sources */,
				A0C47D0429572E8200A42E0C /* FinalView.swift in Sources */,
				A0C47CE929571D2E00A42E0C /* ViewController.swift in Sources */,
				A0C47CE529571D2E00A42E0C /* AppDelegate.swift in Sources */,
				A0C47CE729571D2E00A42E0C /* SceneDelegate.swift in Sources */,
			);
			runOnlyForDeploymentPostprocessing = 0;
		};
/* End PBXSourcesBuildPhase section */

/* Begin PBXVariantGroup section */
		A0C47CEA29571D2E00A42E0C /* Main.storyboard */ = {
			isa = PBXVariantGroup;
			children = (
				A0C47CEB29571D2E00A42E0C /* Base */,
			);
			name = Main.storyboard;
			sourceTree = "<group>";
		};
		A0C47CEF29571D2F00A42E0C /* LaunchScreen.storyboard */ = {
			isa = PBXVariantGroup;
			children = (
				A0C47CF029571D2F00A42E0C /* Base */,
			);
			name = LaunchScreen.storyboard;
			sourceTree = "<group>";
		};
/* End PBXVariantGroup section */

/* Begin XCBuildConfiguration section */
		A0C47CF329571D2F00A42E0C /* Debug */ = {
			isa = XCBuildConfiguration;
			buildSettings = {
				ALWAYS_SEARCH_USER_PATHS = NO;
				CLANG_ANALYZER_NONNULL = YES;
				CLANG_ANALYZER_NUMBER_OBJECT_CONVERSION = YES_AGGRESSIVE;
				CLANG_CXX_LANGUAGE_STANDARD = "gnu++20";
				CLANG_ENABLE_MODULES = YES;
				CLANG_ENABLE_OBJC_ARC = YES;
				CLANG_ENABLE_OBJC_WEAK = YES;
				CLANG_WARN_BLOCK_CAPTURE_AUTORELEASING = YES;
				CLANG_WARN_BOOL_CONVERSION = YES;
				CLANG_WARN_COMMA = YES;
				CLANG_WARN_CONSTANT_CONVERSION = YES;
				CLANG_WARN_DEPRECATED_OBJC_IMPLEMENTATIONS = YES;
				CLANG_WARN_DIRECT_OBJC_ISA_USAGE = YES_ERROR;
				CLANG_WARN_DOCUMENTATION_COMMENTS = YES;
				CLANG_WARN_EMPTY_BODY = YES;
				CLANG_WARN_ENUM_CONVERSION = YES;
				CLANG_WARN_INFINITE_RECURSION = YES;
				CLANG_WARN_INT_CONVERSION = YES;
				CLANG_WARN_NON_LITERAL_NULL_CONVERSION = YES;
				CLANG_WARN_OBJC_IMPLICIT_RETAIN_SELF = YES;
				CLANG_WARN_OBJC_LITERAL_CONVERSION = YES;
				CLANG_WARN_OBJC_ROOT_CLASS = YES_ERROR;
				CLANG_WARN_QUOTED_INCLUDE_IN_FRAMEWORK_HEADER = YES;
				CLANG_WARN_RANGE_LOOP_ANALYSIS = YES;
				CLANG_WARN_STRICT_PROTOTYPES = YES;
				CLANG_WARN_SUSPICIOUS_MOVE = YES;
				CLANG_WARN_UNGUARDED_AVAILABILITY = YES_AGGRESSIVE;
				CLANG_WARN_UNREACHABLE_CODE = YES;
				CLANG_WARN__DUPLICATE_METHOD_MATCH = YES;
				COPY_PHASE_STRIP = NO;
				DEBUG_INFORMATION_FORMAT = dwarf;
				ENABLE_STRICT_OBJC_MSGSEND = YES;
				ENABLE_TESTABILITY = YES;
				GCC_C_LANGUAGE_STANDARD = gnu11;
				GCC_DYNAMIC_NO_PIC = NO;
				GCC_NO_COMMON_BLOCKS = YES;
				GCC_OPTIMIZATION_LEVEL = 0;
				GCC_PREPROCESSOR_DEFINITIONS = (
					"DEBUG=1",
					"$(inherited)",
				);
				GCC_WARN_64_TO_32_BIT_CONVERSION = YES;
				GCC_WARN_ABOUT_RETURN_TYPE = YES_ERROR;
				GCC_WARN_UNDECLARED_SELECTOR = YES;
				GCC_WARN_UNINITIALIZED_AUTOS = YES_AGGRESSIVE;
				GCC_WARN_UNUSED_FUNCTION = YES;
				GCC_WARN_UNUSED_VARIABLE = YES;
				INFOPLIST_FILE = "Dogo Quiz/Support Files/info.plist";
				"INFOPLIST_FILE[sdk=*]" = "";
				IPHONEOS_DEPLOYMENT_TARGET = 16.1;
				MTL_ENABLE_DEBUG_INFO = INCLUDE_SOURCE;
				MTL_FAST_MATH = YES;
				ONLY_ACTIVE_ARCH = YES;
				SDKROOT = iphoneos;
				SWIFT_ACTIVE_COMPILATION_CONDITIONS = DEBUG;
				SWIFT_OPTIMIZATION_LEVEL = "-Onone";
			};
			name = Debug;
		};
		A0C47CF429571D2F00A42E0C /* Release */ = {
			isa = XCBuildConfiguration;
			buildSettings = {
				ALWAYS_SEARCH_USER_PATHS = NO;
				CLANG_ANALYZER_NONNULL = YES;
				CLANG_ANALYZER_NUMBER_OBJECT_CONVERSION = YES_AGGRESSIVE;
				CLANG_CXX_LANGUAGE_STANDARD = "gnu++20";
				CLANG_ENABLE_MODULES = YES;
				CLANG_ENABLE_OBJC_ARC = YES;
				CLANG_ENABLE_OBJC_WEAK = YES;
				CLANG_WARN_BLOCK_CAPTURE_AUTORELEASING = YES;
				CLANG_WARN_BOOL_CONVERSION = YES;
				CLANG_WARN_COMMA = YES;
				CLANG_WARN_CONSTANT_CONVERSION = YES;
				CLANG_WARN_DEPRECATED_OBJC_IMPLEMENTATIONS = YES;
				CLANG_WARN_DIRECT_OBJC_ISA_USAGE = YES_ERROR;
				CLANG_WARN_DOCUMENTATION_COMMENTS = YES;
				CLANG_WARN_EMPTY_BODY = YES;
				CLANG_WARN_ENUM_CONVERSION = YES;
				CLANG_WARN_INFINITE_RECURSION = YES;
				CLANG_WARN_INT_CONVERSION = YES;
				CLANG_WARN_NON_LITERAL_NULL_CONVERSION = YES;
				CLANG_WARN_OBJC_IMPLICIT_RETAIN_SELF = YES;
				CLANG_WARN_OBJC_LITERAL_CONVERSION = YES;
				CLANG_WARN_OBJC_ROOT_CLASS = YES_ERROR;
				CLANG_WARN_QUOTED_INCLUDE_IN_FRAMEWORK_HEADER = YES;
				CLANG_WARN_RANGE_LOOP_ANALYSIS = YES;
				CLANG_WARN_STRICT_PROTOTYPES = YES;
				CLANG_WARN_SUSPICIOUS_MOVE = YES;
				CLANG_WARN_UNGUARDED_AVAILABILITY = YES_AGGRESSIVE;
				CLANG_WARN_UNREACHABLE_CODE = YES;
				CLANG_WARN__DUPLICATE_METHOD_MATCH = YES;
				COPY_PHASE_STRIP = NO;
				DEBUG_INFORMATION_FORMAT = "dwarf-with-dsym";
				ENABLE_NS_ASSERTIONS = NO;
				ENABLE_STRICT_OBJC_MSGSEND = YES;
				GCC_C_LANGUAGE_STANDARD = gnu11;
				GCC_NO_COMMON_BLOCKS = YES;
				GCC_WARN_64_TO_32_BIT_CONVERSION = YES;
				GCC_WARN_ABOUT_RETURN_TYPE = YES_ERROR;
				GCC_WARN_UNDECLARED_SELECTOR = YES;
				GCC_WARN_UNINITIALIZED_AUTOS = YES_AGGRESSIVE;
				GCC_WARN_UNUSED_FUNCTION = YES;
				GCC_WARN_UNUSED_VARIABLE = YES;
				INFOPLIST_FILE = "Dogo Quiz/Support Files/info.plist";
				IPHONEOS_DEPLOYMENT_TARGET = 16.1;
				MTL_ENABLE_DEBUG_INFO = NO;
				MTL_FAST_MATH = YES;
				SDKROOT = iphoneos;
				SWIFT_COMPILATION_MODE = wholemodule;
				SWIFT_OPTIMIZATION_LEVEL = "-O";
				VALIDATE_PRODUCT = YES;
			};
			name = Release;
		};
		A0C47CF629571D2F00A42E0C /* Debug */ = {
			isa = XCBuildConfiguration;
			buildSettings = {
				ASSETCATALOG_COMPILER_APPICON_NAME = AppIcon;
				ASSETCATALOG_COMPILER_GLOBAL_ACCENT_COLOR_NAME = AccentColor;
				CODE_SIGN_STYLE = Automatic;
				CURRENT_PROJECT_VERSION = 1;
				DEVELOPMENT_TEAM = 8Z9CU7FVMB;
				GENERATE_INFOPLIST_FILE = YES;
				INFOPLIST_FILE = "/Users/nikky/Desktop/Developer/Dogo Quiz/Dogo Quiz/Info.plist";
				INFOPLIST_KEY_UIApplicationSupportsIndirectInputEvents = YES;
				INFOPLIST_KEY_UILaunchStoryboardName = LaunchScreen;
				INFOPLIST_KEY_UIMainStoryboardFile = Main;
				INFOPLIST_KEY_UISupportedInterfaceOrientations_iPad = "UIInterfaceOrientationPortrait UIInterfaceOrientationPortraitUpsideDown UIInterfaceOrientationLandscapeLeft UIInterfaceOrientationLandscapeRight";
				INFOPLIST_KEY_UISupportedInterfaceOrientations_iPhone = "UIInterfaceOrientationPortrait UIInterfaceOrientationLandscapeLeft UIInterfaceOrientationLandscapeRight";
				LD_RUNPATH_SEARCH_PATHS = (
					"$(inherited)",
					"@executable_path/Frameworks",
				);
				MARKETING_VERSION = 1.0;
				PRODUCT_BUNDLE_IDENTIFIER = "Meaw.Dogo-Quiz";
				PRODUCT_NAME = "$(TARGET_NAME)";
				SWIFT_EMIT_LOC_STRINGS = YES;
				SWIFT_VERSION = 5.0;
				TARGETED_DEVICE_FAMILY = "1,2";
			};
			name = Debug;
		};
		A0C47CF729571D2F00A42E0C /* Release */ = {
			isa = XCBuildConfiguration;
			buildSettings = {
				ASSETCATALOG_COMPILER_APPICON_NAME = AppIcon;
				ASSETCATALOG_COMPILER_GLOBAL_ACCENT_COLOR_NAME = AccentColor;
				CODE_SIGN_STYLE = Automatic;
				CURRENT_PROJECT_VERSION = 1;
				DEVELOPMENT_TEAM = 8Z9CU7FVMB;
				GENERATE_INFOPLIST_FILE = YES;
				INFOPLIST_FILE = "/Users/nikky/Desktop/Developer/Dogo Quiz/Dogo Quiz/Info.plist";
				INFOPLIST_KEY_UIApplicationSupportsIndirectInputEvents = YES;
				INFOPLIST_KEY_UILaunchStoryboardName = LaunchScreen;
				INFOPLIST_KEY_UIMainStoryboardFile = Main;
				INFOPLIST_KEY_UISupportedInterfaceOrientations_iPad = "UIInterfaceOrientationPortrait UIInterfaceOrientationPortraitUpsideDown UIInterfaceOrientationLandscapeLeft UIInterfaceOrientationLandscapeRight";
				INFOPLIST_KEY_UISupportedInterfaceOrientations_iPhone = "UIInterfaceOrientationPortrait UIInterfaceOrientationLandscapeLeft UIInterfaceOrientationLandscapeRight";
				LD_RUNPATH_SEARCH_PATHS = (
					"$(inherited)",
					"@executable_path/Frameworks",
				);
				MARKETING_VERSION = 1.0;
				PRODUCT_BUNDLE_IDENTIFIER = "Meaw.Dogo-Quiz";
				PRODUCT_NAME = "$(TARGET_NAME)";
				SWIFT_EMIT_LOC_STRINGS = YES;
				SWIFT_VERSION = 5.0;
				TARGETED_DEVICE_FAMILY = "1,2";
			};
			name = Release;
		};
/* End XCBuildConfiguration section */

/* Begin XCConfigurationList section */
		A0C47CDC29571D2E00A42E0C /* Build configuration list for PBXProject "Dogo Quiz" */ = {
			isa = XCConfigurationList;
			buildConfigurations = (
				A0C47CF329571D2F00A42E0C /* Debug */,
				A0C47CF429571D2F00A42E0C /* Release */,
			);
			defaultConfigurationIsVisible = 0;
			defaultConfigurationName = Release;
		};
		A0C47CF529571D2F00A42E0C /* Build configuration list for PBXNativeTarget "Dogo Quiz" */ = {
			isa = XCConfigurationList;
			buildConfigurations = (
				A0C47CF629571D2F00A42E0C /* Debug */,
				A0C47CF729571D2F00A42E0C /* Release */,
			);
			defaultConfigurationIsVisible = 0;
			defaultConfigurationName = Release;
		};
/* End XCConfigurationList section */
	};
	rootObject = A0C47CD929571D2E00A42E0C /* Project object */;
}
